<?xml version="1.0" encoding="utf-8"?>
<Project ToolsVersion="4.0" xmlns="http://schemas.microsoft.com/developer/msbuild/2003">
  <ItemGroup>
    <Filter Include="소스 파일">
      <UniqueIdentifier>{4FC737F1-C7A5-4376-A066-2A32D752A2FF}</UniqueIdentifier>
      <Extensions>cpp;c;cc;cxx;c++;cppm;ixx;def;odl;idl;hpj;bat;asm;asmx</Extensions>
    </Filter>
    <Filter Include="헤더 파일">
      <UniqueIdentifier>{93995380-89BD-4b04-88EB-625FBE52EBFB}</UniqueIdentifier>
      <Extensions>h;hh;hpp;hxx;h++;hm;inl;inc;ipp;xsd</Extensions>
    </Filter>
    <Filter Include="리소스 파일">
      <UniqueIdentifier>{67DA6AB6-F800-4c08-8B7A-83BB121AAD01}</UniqueIdentifier>
      <Extensions>rc;ico;cur;bmp;dlg;rc2;rct;bin;rgs;gif;jpg;jpeg;jpe;resx;tiff;tif;png;wav;mfcribbon-ms</Extensions>
    </Filter>
    <Filter Include="소스 파일\DesignPattern">
      <UniqueIdentifier>{c9656577-077f-4c5c-b3e2-10fcf475be4e}</UniqueIdentifier>
    </Filter>
    <Filter Include="소스 파일\OS">
      <UniqueIdentifier>{805baff5-fe34-42db-a890-e22402662944}</UniqueIdentifier>
    </Filter>
    <Filter Include="소스 파일\DataStructure">
      <UniqueIdentifier>{03fe85c8-5a6c-458a-8db5-4a4a5355706f}</UniqueIdentifier>
    </Filter>
    <Filter Include="헤더 파일\DataStructure">
      <UniqueIdentifier>{9b724476-3fca-44f7-8d45-a70e3244ee9b}</UniqueIdentifier>
    </Filter>
    <Filter Include="헤더 파일\Algorithm">
      <UniqueIdentifier>{5c81a3d7-852c-40e1-95ce-3618272520ec}</UniqueIdentifier>
    </Filter>
    <Filter Include="소스 파일\Algorithm">
      <UniqueIdentifier>{05c1e6a0-10cc-418d-9b0c-6f5a82e168a9}</UniqueIdentifier>
    </Filter>
    <Filter Include="소스 파일\Algorithm\Search">
      <UniqueIdentifier>{2ca1095f-01f1-44db-9948-73ec70d598c7}</UniqueIdentifier>
    </Filter>
    <Filter Include="소스 파일\Algorithm\Sorting">
      <UniqueIdentifier>{f9565acd-fc11-4e2c-afca-3d1ca9c38109}</UniqueIdentifier>
    </Filter>
    <Filter Include="소스 파일\Algorithm\Recursion">
      <UniqueIdentifier>{f9b59416-999f-4c50-96fb-8d812a7da80b}</UniqueIdentifier>
    </Filter>
    <Filter Include="헤더 파일\DataStructure\Graph">
      <UniqueIdentifier>{fcf983c8-3479-4f8c-ac71-88a7ecddde57}</UniqueIdentifier>
    </Filter>
    <Filter Include="헤더 파일\DataStructure\Tree">
      <UniqueIdentifier>{0ccf36bf-be31-446c-a4bc-b5defdaebdec}</UniqueIdentifier>
    </Filter>
    <Filter Include="헤더 파일\Algorithm\Search">
      <UniqueIdentifier>{f3948461-11a9-43d2-8e8a-91b0ee165b3e}</UniqueIdentifier>
    </Filter>
    <Filter Include="헤더 파일\Algorithm\Sorting">
      <UniqueIdentifier>{cf1411d8-c8ac-4827-8115-18512860a0ef}</UniqueIdentifier>
    </Filter>
    <Filter Include="헤더 파일\DesignPattern">
      <UniqueIdentifier>{e7b4bec2-1652-4df7-93b0-a40ba016b17a}</UniqueIdentifier>
    </Filter>
    <Filter Include="헤더 파일\OS">
      <UniqueIdentifier>{8913319d-448b-4cc6-897e-24a187170772}</UniqueIdentifier>
    </Filter>
    <Filter Include="소스 파일\Algorithm\HashTable">
      <UniqueIdentifier>{c6cae20d-e5fb-4e14-a2e6-2226b1259cd9}</UniqueIdentifier>
    </Filter>
  </ItemGroup>
  <ItemGroup>
    <ClInclude Include="headers\DataStructure\myLinkedList.h">
      <Filter>헤더 파일\DataStructure</Filter>
    </ClInclude>
    <ClInclude Include="headers\DataStructure\myQueue.h">
      <Filter>헤더 파일\DataStructure</Filter>
    </ClInclude>
    <ClInclude Include="headers\DataStructure\mySet.h">
      <Filter>헤더 파일\DataStructure</Filter>
    </ClInclude>
    <ClInclude Include="headers\DataStructure\myStack.h">
      <Filter>헤더 파일\DataStructure</Filter>
    </ClInclude>
    <ClInclude Include="headers\DataStructure\NodeType.h">
      <Filter>헤더 파일\DataStructure</Filter>
    </ClInclude>
    <ClInclude Include="headers\DataStructure\Graph\GraphDistType.h">
      <Filter>헤더 파일\DataStructure\Graph</Filter>
    </ClInclude>
    <ClInclude Include="headers\DataStructure\Graph\myGraphBFS.h">
      <Filter>헤더 파일\DataStructure\Graph</Filter>
    </ClInclude>
    <ClInclude Include="headers\DataStructure\Graph\myGraphDFS.h">
      <Filter>헤더 파일\DataStructure\Graph</Filter>
    </ClInclude>
    <ClInclude Include="headers\DataStructure\Graph\myMatrixGraph.h">
      <Filter>헤더 파일\DataStructure\Graph</Filter>
    </ClInclude>
    <ClInclude Include="headers\DataStructure\Tree\myBinarytTree.h">
      <Filter>헤더 파일\DataStructure\Tree</Filter>
    </ClInclude>
    <ClInclude Include="headers\DataStructure\Tree\myHeap.h">
      <Filter>헤더 파일\DataStructure\Tree</Filter>
    </ClInclude>
    <ClInclude Include="headers\DataStructure\Tree\myPriorityQueue.h">
      <Filter>헤더 파일\DataStructure\Tree</Filter>
    </ClInclude>
    <ClInclude Include="headers\Algorithm\Search\BinarySearchRecursive.h">
      <Filter>헤더 파일\Algorithm\Search</Filter>
    </ClInclude>
    <ClInclude Include="headers\Algorithm\Sorting\QuickSort.h">
      <Filter>헤더 파일\Algorithm\Sorting</Filter>
    </ClInclude>
    <ClInclude Include="headers\DesginPattern\Factory.h">
      <Filter>헤더 파일\DesignPattern</Filter>
    </ClInclude>
    <ClInclude Include="headers\DesginPattern\Singleton.h">
      <Filter>헤더 파일\DesignPattern</Filter>
    </ClInclude>
    <ClInclude Include="headers\OS\LRUCache.h">
      <Filter>헤더 파일\OS</Filter>
    </ClInclude>
    <ClInclude Include="headers\OS\NRUCache.h">
      <Filter>헤더 파일\OS</Filter>
    </ClInclude>
    <ClInclude Include="headers\resource.h">
      <Filter>리소스 파일</Filter>
    </ClInclude>
  </ItemGroup>
  <ItemGroup>
    <ResourceCompile Include="CS_Study_Practice.rc">
      <Filter>리소스 파일</Filter>
    </ResourceCompile>
  </ItemGroup>
  <ItemGroup>
    <ClCompile Include="sources\OS\TestLRUCache.cpp">
      <Filter>소스 파일\OS</Filter>
    </ClCompile>
    <ClCompile Include="sources\OS\TestNRUCache.cpp">
      <Filter>소스 파일\OS</Filter>
    </ClCompile>
    <ClCompile Include="sources\DataStructure\TestBinaryTree.cpp">
      <Filter>소스 파일\DataStructure</Filter>
    </ClCompile>
    <ClCompile Include="sources\DataStructure\TestGraph.cpp">
      <Filter>소스 파일\DataStructure</Filter>
    </ClCompile>
    <ClCompile Include="sources\DataStructure\TestHeap.cpp">
      <Filter>소스 파일\DataStructure</Filter>
    </ClCompile>
    <ClCompile Include="sources\DataStructure\TestLinkedList.cpp">
      <Filter>소스 파일\DataStructure</Filter>
    </ClCompile>
    <ClCompile Include="sources\DataStructure\TestPTQ.cpp">
      <Filter>소스 파일\DataStructure</Filter>
    </ClCompile>
    <ClCompile Include="sources\DataStructure\TestQueue.cpp">
      <Filter>소스 파일\DataStructure</Filter>
    </ClCompile>
    <ClCompile Include="sources\DataStructure\TestSet.cpp">
      <Filter>소스 파일\DataStructure</Filter>
    </ClCompile>
    <ClCompile Include="sources\DataStructure\TestStack.cpp">
      <Filter>소스 파일\DataStructure</Filter>
    </ClCompile>
    <ClCompile Include="sources\DesginPattern\TestFactory.cpp">
      <Filter>소스 파일\DesignPattern</Filter>
    </ClCompile>
    <ClCompile Include="sources\DesginPattern\TestSingleton.cpp">
      <Filter>소스 파일\DesignPattern</Filter>
    </ClCompile>
    <ClCompile Include="sources\Algorithm\Recursion\8QueensProblem.cpp">
      <Filter>소스 파일\Algorithm\Recursion</Filter>
    </ClCompile>
    <ClCompile Include="sources\Algorithm\Search\TestBinarySearchRec.cpp">
      <Filter>소스 파일\Algorithm\Search</Filter>
    </ClCompile>
    <ClCompile Include="sources\Algorithm\Sorting\TestHeapSort.cpp">
      <Filter>소스 파일\Algorithm\Sorting</Filter>
    </ClCompile>
    <ClCompile Include="sources\Algorithm\Sorting\TestQuickSort.cpp">
      <Filter>소스 파일\Algorithm\Sorting</Filter>
    </ClCompile>
    <ClCompile Include="sources\Algorithm\HashTable\LongestConsecutiveSubsequenceProblem.cpp">
      <Filter>소스 파일\Algorithm\HashTable</Filter>
    </ClCompile>
  </ItemGroup>
</Project>